
Microsoft Visual Studio Solution File, Format Version 12.00
# Visual Studio Version 16
VisualStudioVersion = 16.0.31729.503
MinimumVisualStudioVersion = 10.0.40219.1
Project("{FAE04EC0-301F-11D3-BF4B-00C04F79EFBC}") = "TicketProcessor.Microservice", "TicketProcessor.Microservice\TicketProcessor.Microservice.csproj", "{C8E9AE54-691F-4432-A9C3-EBC74B8822E7}"
EndProject
Project("{FAE04EC0-301F-11D3-BF4B-00C04F79EFBC}") = "Ticketing.Miceoservice", "Ticketing.Miceoservice\Ticketing.Miceoservice.csproj", "{4A333DAC-09ED-4D76-BF69-CCCB1DF0A962}"
EndProject
Project("{FAE04EC0-301F-11D3-BF4B-00C04F79EFBC}") = "SharedModels", "SharedModels\SharedModels.csproj", "{AD298C4D-F9CA-4BF4-B0CA-D7B6551A5187}"
EndProject
Global
	GlobalSection(SolutionConfigurationPlatforms) = preSolution
		Debug|Any CPU = Debug|Any CPU
		Release|Any CPU = Release|Any CPU
	EndGlobalSection
	GlobalSection(ProjectConfigurationPlatforms) = postSolution
		{C8E9AE54-691F-4432-A9C3-EBC74B8822E7}.Debug|Any CPU.ActiveCfg = Debug|Any CPU
		{C8E9AE54-691F-4432-A9C3-EBC74B8822E7}.Debug|Any CPU.Build.0 = Debug|Any CPU
		{C8E9AE54-691F-4432-A9C3-EBC74B8822E7}.Release|Any CPU.ActiveCfg = Release|Any CPU
		{C8E9AE54-691F-4432-A9C3-EBC74B8822E7}.Release|Any CPU.Build.0 = Release|Any CPU
		{4A333DAC-09ED-4D76-BF69-CCCB1DF0A962}.Debug|Any CPU.ActiveCfg = Debug|Any CPU
		{4A333DAC-09ED-4D76-BF69-CCCB1DF0A962}.Debug|Any CPU.Build.0 = Debug|Any CPU
		{4A333DAC-09ED-4D76-BF69-CCCB1DF0A962}.Release|Any CPU.ActiveCfg = Release|Any CPU
		{4A333DAC-09ED-4D76-BF69-CCCB1DF0A962}.Release|Any CPU.Build.0 = Release|Any CPU
		{AD298C4D-F9CA-4BF4-B0CA-D7B6551A5187}.Debug|Any CPU.ActiveCfg = Debug|Any CPU
		{AD298C4D-F9CA-4BF4-B0CA-D7B6551A5187}.Debug|Any CPU.Build.0 = Debug|Any CPU
		{AD298C4D-F9CA-4BF4-B0CA-D7B6551A5187}.Release|Any CPU.ActiveCfg = Release|Any CPU
		{AD298C4D-F9CA-4BF4-B0CA-D7B6551A5187}.Release|Any CPU.Build.0 = Release|Any CPU
	EndGlobalSection
	GlobalSection(SolutionProperties) = preSolution
		HideSolutionNode = FALSE
	EndGlobalSection
	GlobalSection(ExtensibilityGlobals) = postSolution
		SolutionGuid = {85BECFCD-C5DC-4788-9519-A636179022E7}
	EndGlobalSection
EndGlobal
